
Microsoft Visual Studio Solution File, Format Version 12.00
# Visual Studio Version 17
VisualStudioVersion = 17.0.32014.148
MinimumVisualStudioVersion = 10.0.40219.1
Project("{FAE04EC0-301F-11D3-BF4B-00C04F79EFBC}") = "proje_01", "proje_01\proje_01.csproj", "{4BCBB459-5EF3-4578-A48F-44B33E8DC3D8}"
EndProject
Global
	GlobalSection(SolutionConfigurationPlatforms) = preSolution
		Debug|Any CPU = Debug|Any CPU
		Release|Any CPU = Release|Any CPU
	EndGlobalSection
	GlobalSection(ProjectConfigurationPlatforms) = postSolution
		{4BCBB459-5EF3-4578-A48F-44B33E8DC3D8}.Debug|Any CPU.ActiveCfg = Debug|Any CPU
		{4BCBB459-5EF3-4578-A48F-44B33E8DC3D8}.Debug|Any CPU.Build.0 = Debug|Any CPU
		{4BCBB459-5EF3-4578-A48F-44B33E8DC3D8}.Release|Any CPU.ActiveCfg = Release|Any CPU
		{4BCBB459-5EF3-4578-A48F-44B33E8DC3D8}.Release|Any CPU.Build.0 = Release|Any CPU
	EndGlobalSection
	GlobalSection(SolutionProperties) = preSolution
		HideSolutionNode = FALSE
	EndGlobalSection
	GlobalSection(ExtensibilityGlobals) = postSolution
		SolutionGuid = {7B1384C5-2CF0-46F0-BEDA-620E39855D29}
	EndGlobalSection
EndGlobal
